
Microsoft Visual Studio Solution File, Format Version 12.00
# Visual Studio Version 16
VisualStudioVersion = 16.0.29519.87
MinimumVisualStudioVersion = 10.0.40219.1
Project("{FAE04EC0-301F-11D3-BF4B-00C04F79EFBC}") = "Phu.Model", "Phu.Data\Phu.Model.csproj", "{D54D37C0-92A2-4CE2-8E1A-40E65B1D4E71}"
EndProject
Project("{FAE04EC0-301F-11D3-BF4B-00C04F79EFBC}") = "Phu.Data", "Phu.Repo\Phu.Data.csproj", "{5848181A-A18B-4B9B-8DFB-13E34DB1C4A2}"
EndProject
Project("{FAE04EC0-301F-11D3-BF4B-00C04F79EFBC}") = "Phu.Service", "Phu.Service\Phu.Service.csproj", "{9A16F8B8-164B-46DD-9EDC-925C8FB99D8B}"
EndProject
Project("{FAE04EC0-301F-11D3-BF4B-00C04F79EFBC}") = "Phu.WebAPI", "Phu.WebAPI\Phu.WebAPI.csproj", "{9B689C33-147F-494B-9BF4-3FA58D4A56D6}"
EndProject
Global
	GlobalSection(SolutionConfigurationPlatforms) = preSolution
		Debug|Any CPU = Debug|Any CPU
		Release|Any CPU = Release|Any CPU
	EndGlobalSection
	GlobalSection(ProjectConfigurationPlatforms) = postSolution
		{D54D37C0-92A2-4CE2-8E1A-40E65B1D4E71}.Debug|Any CPU.ActiveCfg = Debug|Any CPU
		{D54D37C0-92A2-4CE2-8E1A-40E65B1D4E71}.Debug|Any CPU.Build.0 = Debug|Any CPU
		{D54D37C0-92A2-4CE2-8E1A-40E65B1D4E71}.Release|Any CPU.ActiveCfg = Release|Any CPU
		{D54D37C0-92A2-4CE2-8E1A-40E65B1D4E71}.Release|Any CPU.Build.0 = Release|Any CPU
		{5848181A-A18B-4B9B-8DFB-13E34DB1C4A2}.Debug|Any CPU.ActiveCfg = Debug|Any CPU
		{5848181A-A18B-4B9B-8DFB-13E34DB1C4A2}.Debug|Any CPU.Build.0 = Debug|Any CPU
		{5848181A-A18B-4B9B-8DFB-13E34DB1C4A2}.Release|Any CPU.ActiveCfg = Release|Any CPU
		{5848181A-A18B-4B9B-8DFB-13E34DB1C4A2}.Release|Any CPU.Build.0 = Release|Any CPU
		{9A16F8B8-164B-46DD-9EDC-925C8FB99D8B}.Debug|Any CPU.ActiveCfg = Debug|Any CPU
		{9A16F8B8-164B-46DD-9EDC-925C8FB99D8B}.Debug|Any CPU.Build.0 = Debug|Any CPU
		{9A16F8B8-164B-46DD-9EDC-925C8FB99D8B}.Release|Any CPU.ActiveCfg = Release|Any CPU
		{9A16F8B8-164B-46DD-9EDC-925C8FB99D8B}.Release|Any CPU.Build.0 = Release|Any CPU
		{9B689C33-147F-494B-9BF4-3FA58D4A56D6}.Debug|Any CPU.ActiveCfg = Debug|Any CPU
		{9B689C33-147F-494B-9BF4-3FA58D4A56D6}.Debug|Any CPU.Build.0 = Debug|Any CPU
		{9B689C33-147F-494B-9BF4-3FA58D4A56D6}.Release|Any CPU.ActiveCfg = Release|Any CPU
		{9B689C33-147F-494B-9BF4-3FA58D4A56D6}.Release|Any CPU.Build.0 = Release|Any CPU
	EndGlobalSection
	GlobalSection(SolutionProperties) = preSolution
		HideSolutionNode = FALSE
	EndGlobalSection
	GlobalSection(ExtensibilityGlobals) = postSolution
		SolutionGuid = {0F841885-AFF7-455F-ADFB-F7ABB1C27DDC}
	EndGlobalSection
EndGlobal
